// !$*UTF8*$!
{
	archiveVersion = 1;
	classes = {
	};
	objectVersion = 50;
	objects = {

/* Begin PBXBuildFile section */
		26D18C4E24BCF2DB00AEBD05 /* AppDelegate.swift in Sources */ = {isa = PBXBuildFile; fileRef = 26D18C4D24BCF2DB00AEBD05 /* AppDelegate.swift */; };
		26D18C5024BCF2DB00AEBD05 /* SceneDelegate.swift in Sources */ = {isa = PBXBuildFile; fileRef = 26D18C4F24BCF2DB00AEBD05 /* SceneDelegate.swift */; };
		26D18C5224BCF2DB00AEBD05 /* ViewController.swift in Sources */ = {isa = PBXBuildFile; fileRef = 26D18C5124BCF2DB00AEBD05 /* ViewController.swift */; };
		26D18C5524BCF2DB00AEBD05 /* Main.storyboard in Resources */ = {isa = PBXBuildFile; fileRef = 26D18C5324BCF2DB00AEBD05 /* Main.storyboard */; };
		26D18C5724BCF2DE00AEBD05 /* Assets.xcassets in Resources */ = {isa = PBXBuildFile; fileRef = 26D18C5624BCF2DE00AEBD05 /* Assets.xcassets */; };
		26D18C5A24BCF2DE00AEBD05 /* LaunchScreen.storyboard in Resources */ = {isa = PBXBuildFile; fileRef = 26D18C5824BCF2DE00AEBD05 /* LaunchScreen.storyboard */; };
		26D18C6224BCF30400AEBD05 /* Coordinator.swift in Sources */ = {isa = PBXBuildFile; fileRef = 26D18C6124BCF30400AEBD05 /* Coordinator.swift */; };
		26D18C6424BCF3DC00AEBD05 /* Storyboarded.swift in Sources */ = {isa = PBXBuildFile; fileRef = 26D18C6324BCF3DC00AEBD05 /* Storyboarded.swift */; };
		26D18C6624BCF52600AEBD05 /* MainCoordinator.swift in Sources */ = {isa = PBXBuildFile; fileRef = 26D18C6524BCF52600AEBD05 /* MainCoordinator.swift */; };
		26D18C6824BCFAF800AEBD05 /* BuyViewController.swift in Sources */ = {isa = PBXBuildFile; fileRef = 26D18C6724BCFAF800AEBD05 /* BuyViewController.swift */; };
		26D18C6A24BCFB3B00AEBD05 /* CreateAccountViewController.swift in Sources */ = {isa = PBXBuildFile; fileRef = 26D18C6924BCFB3B00AEBD05 /* CreateAccountViewController.swift */; };
/* End PBXBuildFile section */

/* Begin PBXFileReference section */
		26D18C4A24BCF2DB00AEBD05 /* CoordinatorPattern.app */ = {isa = PBXFileReference; explicitFileType = wrapper.application; includeInIndex = 0; path = CoordinatorPattern.app; sourceTree = BUILT_PRODUCTS_DIR; };
		26D18C4D24BCF2DB00AEBD05 /* AppDelegate.swift */ = {isa = PBXFileReference; lastKnownFileType = sourcecode.swift; path = AppDelegate.swift; sourceTree = "<group>"; };
		26D18C4F24BCF2DB00AEBD05 /* SceneDelegate.swift */ = {isa = PBXFileReference; lastKnownFileType = sourcecode.swift; path = SceneDelegate.swift; sourceTree = "<group>"; };
		26D18C5124BCF2DB00AEBD05 /* ViewController.swift */ = {isa = PBXFileReference; lastKnownFileType = sourcecode.swift; path = ViewController.swift; sourceTree = "<group>"; };
		26D18C5424BCF2DB00AEBD05 /* Base */ = {isa = PBXFileReference; lastKnownFileType = file.storyboard; name = Base; path = Base.lproj/Main.storyboard; sourceTree = "<group>"; };
		26D18C5624BCF2DE00AEBD05 /* Assets.xcassets */ = {isa = PBXFileReference; lastKnownFileType = folder.assetcatalog; path = Assets.xcassets; sourceTree = "<group>"; };
		26D18C5924BCF2DE00AEBD05 /* Base */ = {isa = PBXFileReference; lastKnownFileType = file.storyboard; name = Base; path = Base.lproj/LaunchScreen.storyboard; sourceTree = "<group>"; };
		26D18C5B24BCF2DE00AEBD05 /* Info.plist */ = {isa = PBXFileReference; lastKnownFileType = text.plist.xml; path = Info.plist; sourceTree = "<group>"; };
		26D18C6124BCF30400AEBD05 /* Coordinator.swift */ = {isa = PBXFileReference; lastKnownFileType = sourcecode.swift; path = Coordinator.swift; sourceTree = "<group>"; };
		26D18C6324BCF3DC00AEBD05 /* Storyboarded.swift */ = {isa = PBXFileReference; lastKnownFileType = sourcecode.swift; path = Storyboarded.swift; sourceTree = "<group>"; };
		26D18C6524BCF52600AEBD05 /* MainCoordinator.swift */ = {isa = PBXFileReference; lastKnownFileType = sourcecode.swift; path = MainCoordinator.swift; sourceTree = "<group>"; };
		26D18C6724BCFAF800AEBD05 /* BuyViewController.swift */ = {isa = PBXFileReference; lastKnownFileType = sourcecode.swift; path = BuyViewController.swift; sourceTree = "<group>"; };
		26D18C6924BCFB3B00AEBD05 /* CreateAccountViewController.swift */ = {isa = PBXFileReference; lastKnownFileType = sourcecode.swift; path = CreateAccountViewController.swift; sourceTree = "<group>"; };
/* End PBXFileReference section */

/* Begin PBXFrameworksBuildPhase section */
		26D18C4724BCF2DB00AEBD05 /* Frameworks */ = {
			isa = PBXFrameworksBuildPhase;
			buildActionMask = 2147483647;
			files = (
			);
			runOnlyForDeploymentPostprocessing = 0;
		};
/* End PBXFrameworksBuildPhase section */

/* Begin PBXGroup section */
		26D18C4124BCF2DB00AEBD05 = {
			isa = PBXGroup;
			children = (
				26D18C4C24BCF2DB00AEBD05 /* CoordinatorPattern */,
				26D18C4B24BCF2DB00AEBD05 /* Products */,
			);
			sourceTree = "<group>";
		};
		26D18C4B24BCF2DB00AEBD05 /* Products */ = {
			isa = PBXGroup;
			children = (
				26D18C4A24BCF2DB00AEBD05 /* CoordinatorPattern.app */,
			);
			name = Products;
			sourceTree = "<group>";
		};
		26D18C4C24BCF2DB00AEBD05 /* CoordinatorPattern */ = {
			isa = PBXGroup;
			children = (
				26D18C4D24BCF2DB00AEBD05 /* AppDelegate.swift */,
				26D18C4F24BCF2DB00AEBD05 /* SceneDelegate.swift */,
				26D18C5324BCF2DB00AEBD05 /* Main.storyboard */,
				26D18C5624BCF2DE00AEBD05 /* Assets.xcassets */,
				26D18C5824BCF2DE00AEBD05 /* LaunchScreen.storyboard */,
				26D18C5B24BCF2DE00AEBD05 /* Info.plist */,
				26D18C6124BCF30400AEBD05 /* Coordinator.swift */,
				26D18C6324BCF3DC00AEBD05 /* Storyboarded.swift */,
				26D18C6524BCF52600AEBD05 /* MainCoordinator.swift */,
				26D18C5124BCF2DB00AEBD05 /* ViewController.swift */,
				26D18C6724BCFAF800AEBD05 /* BuyViewController.swift */,
				26D18C6924BCFB3B00AEBD05 /* CreateAccountViewController.swift */,
			);
			path = CoordinatorPattern;
			sourceTree = "<group>";
		};
/* End PBXGroup section */

/* Begin PBXNativeTarget section */
		26D18C4924BCF2DB00AEBD05 /* CoordinatorPattern */ = {
			isa = PBXNativeTarget;
			buildConfigurationList = 26D18C5E24BCF2DE00AEBD05 /* Build configuration list for PBXNativeTarget "CoordinatorPattern" */;
			buildPhases = (
				26D18C4624BCF2DB00AEBD05 /* Sources */,
				26D18C4724BCF2DB00AEBD05 /* Frameworks */,
				26D18C4824BCF2DB00AEBD05 /* Resources */,
			);
			buildRules = (
			);
			dependencies = (
			);
			name = CoordinatorPattern;
			productName = CoordinatorPattern;
			productReference = 26D18C4A24BCF2DB00AEBD05 /* CoordinatorPattern.app */;
			productType = "com.apple.product-type.application";
		};
/* End PBXNativeTarget section */

/* Begin PBXProject section */
		26D18C4224BCF2DB00AEBD05 /* Project object */ = {
			isa = PBXProject;
			attributes = {
				LastSwiftUpdateCheck = 1150;
				LastUpgradeCheck = 1150;
				ORGANIZATIONNAME = "Mauro Augusto Diniz";
				TargetAttributes = {
					26D18C4924BCF2DB00AEBD05 = {
						CreatedOnToolsVersion = 11.5;
					};
				};
			};
			buildConfigurationList = 26D18C4524BCF2DB00AEBD05 /* Build configuration list for PBXProject "CoordinatorPattern" */;
			compatibilityVersion = "Xcode 9.3";
			developmentRegion = en;
			hasScannedForEncodings = 0;
			knownRegions = (
				en,
				Base,
			);
			mainGroup = 26D18C4124BCF2DB00AEBD05;
			productRefGroup = 26D18C4B24BCF2DB00AEBD05 /* Products */;
			projectDirPath = "";
			projectRoot = "";
			targets = (
				26D18C4924BCF2DB00AEBD05 /* CoordinatorPattern */,
			);
		};
/* End PBXProject section */

/* Begin PBXResourcesBuildPhase section */
		26D18C4824BCF2DB00AEBD05 /* Resources */ = {
			isa = PBXResourcesBuildPhase;
			buildActionMask = 2147483647;
			files = (
				26D18C5A24BCF2DE00AEBD05 /* LaunchScreen.storyboard in Resources */,
				26D18C5724BCF2DE00AEBD05 /* Assets.xcassets in Resources */,
				26D18C5524BCF2DB00AEBD05 /* Main.storyboard in Resources */,
			);
			runOnlyForDeploymentPostprocessing = 0;
		};
/* End PBXResourcesBuildPhase section */

/* Begin PBXSourcesBuildPhase section */
		26D18C4624BCF2DB00AEBD05 /* Sources */ = {
			isa = PBXSourcesBuildPhase;
			buildActionMask = 2147483647;
			files = (
				26D18C6224BCF30400AEBD05 /* Coordinator.swift in Sources */,
				26D18C6624BCF52600AEBD05 /* MainCoordinator.swift in Sources */,
				26D18C5224BCF2DB00AEBD05 /* ViewController.swift in Sources */,
				26D18C6424BCF3DC00AEBD05 /* Storyboarded.swift in Sources */,
				26D18C6A24BCFB3B00AEBD05 /* CreateAccountViewController.swift in Sources */,
				26D18C4E24BCF2DB00AEBD05 /* AppDelegate.swift in Sources */,
				26D18C6824BCFAF800AEBD05 /* BuyViewController.swift in Sources */,
				26D18C5024BCF2DB00AEBD05 /* SceneDelegate.swift in Sources */,
			);
			runOnlyForDeploymentPostprocessing = 0;
		};
/* End PBXSourcesBuildPhase section */

/* Begin PBXVariantGroup section */
		26D18C5324BCF2DB00AEBD05 /* Main.storyboard */ = {
			isa = PBXVariantGroup;
			children = (
				26D18C5424BCF2DB00AEBD05 /* Base */,
			);
			name = Main.storyboard;
			sourceTree = "<group>";
		};
		26D18C5824BCF2DE00AEBD05 /* LaunchScreen.storyboard */ = {
			isa = PBXVariantGroup;
			children = (
				26D18C5924BCF2DE00AEBD05 /* Base */,
			);
			name = LaunchScreen.storyboard;
			sourceTree = "<group>";
		};
/* End PBXVariantGroup section */

/* Begin XCBuildConfiguration section */
		26D18C5C24BCF2DE00AEBD05 /* Debug */ = {
			isa = XCBuildConfiguration;
			buildSettings = {
				ALWAYS_SEARCH_USER_PATHS = NO;
				CLANG_ANALYZER_NONNULL = YES;
				CLANG_ANALYZER_NUMBER_OBJECT_CONVERSION = YES_AGGRESSIVE;
				CLANG_CXX_LANGUAGE_STANDARD = "gnu++14";
				CLANG_CXX_LIBRARY = "libc++";
				CLANG_ENABLE_MODULES = YES;
				CLANG_ENABLE_OBJC_ARC = YES;
				CLANG_ENABLE_OBJC_WEAK = YES;
				CLANG_WARN_BLOCK_CAPTURE_AUTORELEASING = YES;
				CLANG_WARN_BOOL_CONVERSION = YES;
				CLANG_WARN_COMMA = YES;
				CLANG_WARN_CONSTANT_CONVERSION = YES;
				CLANG_WARN_DEPRECATED_OBJC_IMPLEMENTATIONS = YES;
				CLANG_WARN_DIRECT_OBJC_ISA_USAGE = YES_ERROR;
				CLANG_WARN_DOCUMENTATION_COMMENTS = YES;
				CLANG_WARN_EMPTY_BODY = YES;
				CLANG_WARN_ENUM_CONVERSION = YES;
				CLANG_WARN_INFINITE_RECURSION = YES;
				CLANG_WARN_INT_CONVERSION = YES;
				CLANG_WARN_NON_LITERAL_NULL_CONVERSION = YES;
				CLANG_WARN_OBJC_IMPLICIT_RETAIN_SELF = YES;
				CLANG_WARN_OBJC_LITERAL_CONVERSION = YES;
				CLANG_WARN_OBJC_ROOT_CLASS = YES_ERROR;
				CLANG_WARN_RANGE_LOOP_ANALYSIS = YES;
				CLANG_WARN_STRICT_PROTOTYPES = YES;
				CLANG_WARN_SUSPICIOUS_MOVE = YES;
				CLANG_WARN_UNGUARDED_AVAILABILITY = YES_AGGRESSIVE;
				CLANG_WARN_UNREACHABLE_CODE = YES;
				CLANG_WARN__DUPLICATE_METHOD_MATCH = YES;
				COPY_PHASE_STRIP = NO;
				DEBUG_INFORMATION_FORMAT = dwarf;
				ENABLE_STRICT_OBJC_MSGSEND = YES;
				ENABLE_TESTABILITY = YES;
				GCC_C_LANGUAGE_STANDARD = gnu11;
				GCC_DYNAMIC_NO_PIC = NO;
				GCC_NO_COMMON_BLOCKS = YES;
				GCC_OPTIMIZATION_LEVEL = 0;
				GCC_PREPROCESSOR_DEFINITIONS = (
					"DEBUG=1",
					"$(inherited)",
				);
				GCC_WARN_64_TO_32_BIT_CONVERSION = YES;
				GCC_WARN_ABOUT_RETURN_TYPE = YES_ERROR;
				GCC_WARN_UNDECLARED_SELECTOR = YES;
				GCC_WARN_UNINITIALIZED_AUTOS = YES_AGGRESSIVE;
				GCC_WARN_UNUSED_FUNCTION = YES;
				GCC_WARN_UNUSED_VARIABLE = YES;
				IPHONEOS_DEPLOYMENT_TARGET = 13.5;
				MTL_ENABLE_DEBUG_INFO = INCLUDE_SOURCE;
				MTL_FAST_MATH = YES;
				ONLY_ACTIVE_ARCH = YES;
				SDKROOT = iphoneos;
				SWIFT_ACTIVE_COMPILATION_CONDITIONS = DEBUG;
				SWIFT_OPTIMIZATION_LEVEL = "-Onone";
			};
			name = Debug;
		};
		26D18C5D24BCF2DE00AEBD05 /* Release */ = {
			isa = XCBuildConfiguration;
			buildSettings = {
				ALWAYS_SEARCH_USER_PATHS = NO;
				CLANG_ANALYZER_NONNULL = YES;
				CLANG_ANALYZER_NUMBER_OBJECT_CONVERSION = YES_AGGRESSIVE;
				CLANG_CXX_LANGUAGE_STANDARD = "gnu++14";
				CLANG_CXX_LIBRARY = "libc++";
				CLANG_ENABLE_MODULES = YES;
				CLANG_ENABLE_OBJC_ARC = YES;
				CLANG_ENABLE_OBJC_WEAK = YES;
				CLANG_WARN_BLOCK_CAPTURE_AUTORELEASING = YES;
				CLANG_WARN_BOOL_CONVERSION = YES;
				CLANG_WARN_COMMA = YES;
				CLANG_WARN_CONSTANT_CONVERSION = YES;
				CLANG_WARN_DEPRECATED_OBJC_IMPLEMENTATIONS = YES;
				CLANG_WARN_DIRECT_OBJC_ISA_USAGE = YES_ERROR;
				CLANG_WARN_DOCUMENTATION_COMMENTS = YES;
				CLANG_WARN_EMPTY_BODY = YES;
				CLANG_WARN_ENUM_CONVERSION = YES;
				CLANG_WARN_INFINITE_RECURSION = YES;
				CLANG_WARN_INT_CONVERSION = YES;
				CLANG_WARN_NON_LITERAL_NULL_CONVERSION = YES;
				CLANG_WARN_OBJC_IMPLICIT_RETAIN_SELF = YES;
				CLANG_WARN_OBJC_LITERAL_CONVERSION = YES;
				CLANG_WARN_OBJC_ROOT_CLASS = YES_ERROR;
				CLANG_WARN_RANGE_LOOP_ANALYSIS = YES;
				CLANG_WARN_STRICT_PROTOTYPES = YES;
				CLANG_WARN_SUSPICIOUS_MOVE = YES;
				CLANG_WARN_UNGUARDED_AVAILABILITY = YES_AGGRESSIVE;
				CLANG_WARN_UNREACHABLE_CODE = YES;
				CLANG_WARN__DUPLICATE_METHOD_MATCH = YES;
				COPY_PHASE_STRIP = NO;
				DEBUG_INFORMATION_FORMAT = "dwarf-with-dsym";
				ENABLE_NS_ASSERTIONS = NO;
				ENABLE_STRICT_OBJC_MSGSEND = YES;
				GCC_C_LANGUAGE_STANDARD = gnu11;
				GCC_NO_COMMON_BLOCKS = YES;
				GCC_WARN_64_TO_32_BIT_CONVERSION = YES;
				GCC_WARN_ABOUT_RETURN_TYPE = YES_ERROR;
				GCC_WARN_UNDECLARED_SELECTOR = YES;
				GCC_WARN_UNINITIALIZED_AUTOS = YES_AGGRESSIVE;
				GCC_WARN_UNUSED_FUNCTION = YES;
				GCC_WARN_UNUSED_VARIABLE = YES;
				IPHONEOS_DEPLOYMENT_TARGET = 13.5;
				MTL_ENABLE_DEBUG_INFO = NO;
				MTL_FAST_MATH = YES;
				SDKROOT = iphoneos;
				SWIFT_COMPILATION_MODE = wholemodule;
				SWIFT_OPTIMIZATION_LEVEL = "-O";
				VALIDATE_PRODUCT = YES;
			};
			name = Release;
		};
		26D18C5F24BCF2DE00AEBD05 /* Debug */ = {
			isa = XCBuildConfiguration;
			buildSettings = {
				ASSETCATALOG_COMPILER_APPICON_NAME = AppIcon;
				CODE_SIGN_STYLE = Automatic;
				DEVELOPMENT_TEAM = M6S53Z4S25;
				INFOPLIST_FILE = CoordinatorPattern/Info.plist;
				LD_RUNPATH_SEARCH_PATHS = (
					"$(inherited)",
					"@executable_path/Frameworks",
				);
				PRODUCT_BUNDLE_IDENTIFIER = br.com.maurodiniz.CoordinatorPattern;
				PRODUCT_NAME = "$(TARGET_NAME)";
				SWIFT_VERSION = 5.0;
				TARGETED_DEVICE_FAMILY = 1;
			};
			name = Debug;
		};
		26D18C6024BCF2DE00AEBD05 /* Release */ = {
			isa = XCBuildConfiguration;
			buildSettings = {
				ASSETCATALOG_COMPILER_APPICON_NAME = AppIcon;
				CODE_SIGN_STYLE = Automatic;
				DEVELOPMENT_TEAM = M6S53Z4S25;
				INFOPLIST_FILE = CoordinatorPattern/Info.plist;
				LD_RUNPATH_SEARCH_PATHS = (
					"$(inherited)",
					"@executable_path/Frameworks",
				);
				PRODUCT_BUNDLE_IDENTIFIER = br.com.maurodiniz.CoordinatorPattern;
				PRODUCT_NAME = "$(TARGET_NAME)";
				SWIFT_VERSION = 5.0;
				TARGETED_DEVICE_FAMILY = 1;
			};
			name = Release;
		};
/* End XCBuildConfiguration section */

/* Begin XCConfigurationList section */
		26D18C4524BCF2DB00AEBD05 /* Build configuration list for PBXProject "CoordinatorPattern" */ = {
			isa = XCConfigurationList;
			buildConfigurations = (
				26D18C5C24BCF2DE00AEBD05 /* Debug */,
				26D18C5D24BCF2DE00AEBD05 /* Release */,
			);
			defaultConfigurationIsVisible = 0;
			defaultConfigurationName = Release;
		};
		26D18C5E24BCF2DE00AEBD05 /* Build configuration list for PBXNativeTarget "CoordinatorPattern" */ = {
			isa = XCConfigurationList;
			buildConfigurations = (
				26D18C5F24BCF2DE00AEBD05 /* Debug */,
				26D18C6024BCF2DE00AEBD05 /* Release */,
			);
			defaultConfigurationIsVisible = 0;
			defaultConfigurationName = Release;
		};
/* End XCConfigurationList section */
	};
	rootObject = 26D18C4224BCF2DB00AEBD05 /* Project object */;
}
